
Microsoft Visual Studio Solution File, Format Version 12.00
# Visual Studio Version 17
VisualStudioVersion = 17.1.32414.318
MinimumVisualStudioVersion = 10.0.40219.1
Project("{9A19103F-16F7-4668-BE54-9A1E7A4F7556}") = "CredentialsSample", "CredentialsTests\CredentialsSample.csproj", "{2BC55EDA-1515-434B-9382-A838337C67AE}"
EndProject
Project("{9A19103F-16F7-4668-BE54-9A1E7A4F7556}") = "XmlDownloaderSample", "XmlDownloaderTests\XmlDownloaderSample.csproj", "{2CECD193-B46A-4731-9193-C658A692B141}"
EndProject
Project("{9A19103F-16F7-4668-BE54-9A1E7A4F7556}") = "InvoicingSamples", "InvoicingSamples\InvoicingSamples.csproj", "{9C979A21-61B6-4A8B-88DF-2C13BD8345DA}"
EndProject
Global
	GlobalSection(SolutionConfigurationPlatforms) = preSolution
		Debug|Any CPU = Debug|Any CPU
		Release|Any CPU = Release|Any CPU
	EndGlobalSection
	GlobalSection(ProjectConfigurationPlatforms) = postSolution
		{2BC55EDA-1515-434B-9382-A838337C67AE}.Debug|Any CPU.ActiveCfg = Debug|Any CPU
		{2BC55EDA-1515-434B-9382-A838337C67AE}.Debug|Any CPU.Build.0 = Debug|Any CPU
		{2BC55EDA-1515-434B-9382-A838337C67AE}.Release|Any CPU.ActiveCfg = Release|Any CPU
		{2BC55EDA-1515-434B-9382-A838337C67AE}.Release|Any CPU.Build.0 = Release|Any CPU
		{2CECD193-B46A-4731-9193-C658A692B141}.Debug|Any CPU.ActiveCfg = Debug|Any CPU
		{2CECD193-B46A-4731-9193-C658A692B141}.Debug|Any CPU.Build.0 = Debug|Any CPU
		{2CECD193-B46A-4731-9193-C658A692B141}.Release|Any CPU.ActiveCfg = Release|Any CPU
		{2CECD193-B46A-4731-9193-C658A692B141}.Release|Any CPU.Build.0 = Release|Any CPU
		{9C979A21-61B6-4A8B-88DF-2C13BD8345DA}.Debug|Any CPU.ActiveCfg = Debug|Any CPU
		{9C979A21-61B6-4A8B-88DF-2C13BD8345DA}.Debug|Any CPU.Build.0 = Debug|Any CPU
		{9C979A21-61B6-4A8B-88DF-2C13BD8345DA}.Release|Any CPU.ActiveCfg = Release|Any CPU
		{9C979A21-61B6-4A8B-88DF-2C13BD8345DA}.Release|Any CPU.Build.0 = Release|Any CPU
	EndGlobalSection
	GlobalSection(SolutionProperties) = preSolution
		HideSolutionNode = FALSE
	EndGlobalSection
	GlobalSection(ExtensibilityGlobals) = postSolution
		SolutionGuid = {3410AFA7-C9F7-4367-82A8-CFA585CDCC36}
	EndGlobalSection
EndGlobal
