
Microsoft Visual Studio Solution File, Format Version 12.00
# Visual Studio Version 17
VisualStudioVersion = 17.1.32414.318
MinimumVisualStudioVersion = 10.0.40219.1
Project("{FAE04EC0-301F-11D3-BF4B-00C04F79EFBC}") = "CredentialsSample", "CredentialsTests\CredentialsSample.csproj", "{2BC55EDA-1515-434B-9382-A838337C67AE}"
EndProject
Project("{FAE04EC0-301F-11D3-BF4B-00C04F79EFBC}") = "XmlDownloaderSample", "XmlDownloaderTests\XmlDownloaderSample.csproj", "{2CECD193-B46A-4731-9193-C658A692B141}"
EndProject
Global
	GlobalSection(SolutionConfigurationPlatforms) = preSolution
		Debug|Any CPU = Debug|Any CPU
		Release|Any CPU = Release|Any CPU
	EndGlobalSection
	GlobalSection(ProjectConfigurationPlatforms) = postSolution
		{2BC55EDA-1515-434B-9382-A838337C67AE}.Debug|Any CPU.ActiveCfg = Debug|Any CPU
		{2BC55EDA-1515-434B-9382-A838337C67AE}.Debug|Any CPU.Build.0 = Debug|Any CPU
		{2BC55EDA-1515-434B-9382-A838337C67AE}.Release|Any CPU.ActiveCfg = Release|Any CPU
		{2BC55EDA-1515-434B-9382-A838337C67AE}.Release|Any CPU.Build.0 = Release|Any CPU
		{2CECD193-B46A-4731-9193-C658A692B141}.Debug|Any CPU.ActiveCfg = Debug|Any CPU
		{2CECD193-B46A-4731-9193-C658A692B141}.Debug|Any CPU.Build.0 = Debug|Any CPU
		{2CECD193-B46A-4731-9193-C658A692B141}.Release|Any CPU.ActiveCfg = Release|Any CPU
		{2CECD193-B46A-4731-9193-C658A692B141}.Release|Any CPU.Build.0 = Release|Any CPU
	EndGlobalSection
	GlobalSection(SolutionProperties) = preSolution
		HideSolutionNode = FALSE
	EndGlobalSection
	GlobalSection(ExtensibilityGlobals) = postSolution
		SolutionGuid = {3410AFA7-C9F7-4367-82A8-CFA585CDCC36}
	EndGlobalSection
EndGlobal
